{
  "name": "claude-auto-continue",
  "version": "1.0.0",
  "lockfileVersion": 3,
  "requires": true,
  "packages": {
    "": {
      "name": "claude-auto-continue",
      "version": "1.0.0",
      "license": "MIT",
      "dependencies": {
        "node-pty": "^1.0.0",
        "strip-ansi": "^6.0.1"
      },
      "bin": {
        "ac": "bin/auto-continue.js",
        "auto-continue": "bin/auto-continue.js"
      },
      "engines": {
        "node": ">=18.0.0"
      }
    },
    "node_modules/ansi-regex": {
      "version": "5.0.1",
      "license": "MIT",
      "engines": {
        "node": ">=8"
      }
    },
    "node_modules/node-addon-api": {
      "version": "7.1.1",
      "license": "MIT"
    },
    "node_modules/node-pty": {
      "version": "1.1.0",
      "hasInstallScript": true,
      "license": "MIT",
      "dependencies": {
        "node-addon-api": "^7.1.0"
      }
    },
    "node_modules/strip-ansi": {
      "version": "6.0.1",
      "license": "MIT",
      "dependencies": {
        "ansi-regex": "^5.0.1"
      },
      "engines": {
        "node": ">=8"
      }
    }
  }
}
